
Microsoft Visual Studio Solution File, Format Version 12.00
Project("{FAE04EC0-301F-11D3-BF4B-00C04F79EFBC}") = "SpeleoLogViewer", "SpeleoLogViewer\SpeleoLogViewer.csproj", "{236CF7C1-0BA7-4932-AB2F-C8817F1633AB}"
EndProject
Project("{FAE04EC0-301F-11D3-BF4B-00C04F79EFBC}") = "SpeleoConsole", "SpeleoConsole\SpeleoConsole.csproj", "{72A50333-63B7-4DE2-8BD0-CA2DF16F71C8}"
EndProject
Project("{FAE04EC0-301F-11D3-BF4B-00C04F79EFBC}") = "SpeleologTest", "SpeleologTest\SpeleologTest.csproj", "{252733BE-14C7-4A99-9A95-48ABCF161EB9}"
EndProject
Global
	GlobalSection(SolutionConfigurationPlatforms) = preSolution
		Debug|Any CPU = Debug|Any CPU
		Release|Any CPU = Release|Any CPU
	EndGlobalSection
	GlobalSection(ProjectConfigurationPlatforms) = postSolution
		{236CF7C1-0BA7-4932-AB2F-C8817F1633AB}.Debug|Any CPU.ActiveCfg = Debug|Any CPU
		{236CF7C1-0BA7-4932-AB2F-C8817F1633AB}.Debug|Any CPU.Build.0 = Debug|Any CPU
		{236CF7C1-0BA7-4932-AB2F-C8817F1633AB}.Release|Any CPU.ActiveCfg = Release|Any CPU
		{236CF7C1-0BA7-4932-AB2F-C8817F1633AB}.Release|Any CPU.Build.0 = Release|Any CPU
		{72A50333-63B7-4DE2-8BD0-CA2DF16F71C8}.Debug|Any CPU.ActiveCfg = Debug|Any CPU
		{72A50333-63B7-4DE2-8BD0-CA2DF16F71C8}.Debug|Any CPU.Build.0 = Debug|Any CPU
		{72A50333-63B7-4DE2-8BD0-CA2DF16F71C8}.Release|Any CPU.ActiveCfg = Release|Any CPU
		{72A50333-63B7-4DE2-8BD0-CA2DF16F71C8}.Release|Any CPU.Build.0 = Release|Any CPU
		{252733BE-14C7-4A99-9A95-48ABCF161EB9}.Debug|Any CPU.ActiveCfg = Debug|Any CPU
		{252733BE-14C7-4A99-9A95-48ABCF161EB9}.Debug|Any CPU.Build.0 = Debug|Any CPU
		{252733BE-14C7-4A99-9A95-48ABCF161EB9}.Release|Any CPU.ActiveCfg = Release|Any CPU
		{252733BE-14C7-4A99-9A95-48ABCF161EB9}.Release|Any CPU.Build.0 = Release|Any CPU
	EndGlobalSection
EndGlobal
