
Microsoft Visual Studio Solution File, Format Version 12.00
# Visual Studio Version 17
VisualStudioVersion = 17.8.34330.188
MinimumVisualStudioVersion = 10.0.40219.1
Project("{9A19103F-16F7-4668-BE54-9A1E7A4F7556}") = "SpeleoLogViewer", "SpeleoLogViewer\SpeleoLogViewer.csproj", "{236CF7C1-0BA7-4932-AB2F-C8817F1633AB}"
EndProject
Project("{9A19103F-16F7-4668-BE54-9A1E7A4F7556}") = "SpeleoConsole", "SpeleoConsole\SpeleoConsole.csproj", "{72A50333-63B7-4DE2-8BD0-CA2DF16F71C8}"
EndProject
Project("{9A19103F-16F7-4668-BE54-9A1E7A4F7556}") = "SpeleologTest", "SpeleologTest\SpeleologTest.csproj", "{252733BE-14C7-4A99-9A95-48ABCF161EB9}"
EndProject
Global
	GlobalSection(SolutionConfigurationPlatforms) = preSolution
		Debug|Any CPU = Debug|Any CPU
		Debug|x64 = Debug|x64
		Release|Any CPU = Release|Any CPU
		Release|x64 = Release|x64
	EndGlobalSection
	GlobalSection(ProjectConfigurationPlatforms) = postSolution
		{236CF7C1-0BA7-4932-AB2F-C8817F1633AB}.Debug|Any CPU.ActiveCfg = Debug|Any CPU
		{236CF7C1-0BA7-4932-AB2F-C8817F1633AB}.Debug|Any CPU.Build.0 = Debug|Any CPU
		{236CF7C1-0BA7-4932-AB2F-C8817F1633AB}.Debug|x64.ActiveCfg = Debug|x64
		{236CF7C1-0BA7-4932-AB2F-C8817F1633AB}.Debug|x64.Build.0 = Debug|x64
		{236CF7C1-0BA7-4932-AB2F-C8817F1633AB}.Release|Any CPU.ActiveCfg = Release|Any CPU
		{236CF7C1-0BA7-4932-AB2F-C8817F1633AB}.Release|Any CPU.Build.0 = Release|Any CPU
		{236CF7C1-0BA7-4932-AB2F-C8817F1633AB}.Release|x64.ActiveCfg = Release|x64
		{236CF7C1-0BA7-4932-AB2F-C8817F1633AB}.Release|x64.Build.0 = Release|x64
		{72A50333-63B7-4DE2-8BD0-CA2DF16F71C8}.Debug|Any CPU.ActiveCfg = Debug|Any CPU
		{72A50333-63B7-4DE2-8BD0-CA2DF16F71C8}.Debug|Any CPU.Build.0 = Debug|Any CPU
		{72A50333-63B7-4DE2-8BD0-CA2DF16F71C8}.Debug|x64.ActiveCfg = Debug|Any CPU
		{72A50333-63B7-4DE2-8BD0-CA2DF16F71C8}.Debug|x64.Build.0 = Debug|Any CPU
		{72A50333-63B7-4DE2-8BD0-CA2DF16F71C8}.Release|Any CPU.ActiveCfg = Release|Any CPU
		{72A50333-63B7-4DE2-8BD0-CA2DF16F71C8}.Release|Any CPU.Build.0 = Release|Any CPU
		{72A50333-63B7-4DE2-8BD0-CA2DF16F71C8}.Release|x64.ActiveCfg = Release|Any CPU
		{72A50333-63B7-4DE2-8BD0-CA2DF16F71C8}.Release|x64.Build.0 = Release|Any CPU
		{252733BE-14C7-4A99-9A95-48ABCF161EB9}.Debug|Any CPU.ActiveCfg = Debug|Any CPU
		{252733BE-14C7-4A99-9A95-48ABCF161EB9}.Debug|Any CPU.Build.0 = Debug|Any CPU
		{252733BE-14C7-4A99-9A95-48ABCF161EB9}.Debug|x64.ActiveCfg = Debug|Any CPU
		{252733BE-14C7-4A99-9A95-48ABCF161EB9}.Debug|x64.Build.0 = Debug|Any CPU
		{252733BE-14C7-4A99-9A95-48ABCF161EB9}.Release|Any CPU.ActiveCfg = Release|Any CPU
		{252733BE-14C7-4A99-9A95-48ABCF161EB9}.Release|Any CPU.Build.0 = Release|Any CPU
		{252733BE-14C7-4A99-9A95-48ABCF161EB9}.Release|x64.ActiveCfg = Release|Any CPU
		{252733BE-14C7-4A99-9A95-48ABCF161EB9}.Release|x64.Build.0 = Release|Any CPU
	EndGlobalSection
	GlobalSection(SolutionProperties) = preSolution
		HideSolutionNode = FALSE
	EndGlobalSection
EndGlobal
